
Microsoft Visual Studio Solution File, Format Version 12.00
# Visual Studio Version 17
VisualStudioVersion = 17.14.36221.1 d17.14
MinimumVisualStudioVersion = 10.0.40219.1
Project("{FAE04EC0-301F-11D3-BF4B-00C04F79EFBC}") = "AppointmentSystemAPI", "AppointmentSystemAPI\AppointmentSystemAPI.csproj", "{E082CE21-D2ED-41AC-815E-AA181B85F8A0}"
EndProject
Global
	GlobalSection(SolutionConfigurationPlatforms) = preSolution
		Debug|Any CPU = Debug|Any CPU
		Release|Any CPU = Release|Any CPU
	EndGlobalSection
	GlobalSection(ProjectConfigurationPlatforms) = postSolution
		{E082CE21-D2ED-41AC-815E-AA181B85F8A0}.Debug|Any CPU.ActiveCfg = Debug|Any CPU
		{E082CE21-D2ED-41AC-815E-AA181B85F8A0}.Debug|Any CPU.Build.0 = Debug|Any CPU
		{E082CE21-D2ED-41AC-815E-AA181B85F8A0}.Release|Any CPU.ActiveCfg = Release|Any CPU
		{E082CE21-D2ED-41AC-815E-AA181B85F8A0}.Release|Any CPU.Build.0 = Release|Any CPU
	EndGlobalSection
	GlobalSection(SolutionProperties) = preSolution
		HideSolutionNode = FALSE
	EndGlobalSection
	GlobalSection(ExtensibilityGlobals) = postSolution
		SolutionGuid = {BF4CD6A7-5DC7-495A-B30A-E7E305D85558}
	EndGlobalSection
EndGlobal
